
Microsoft Visual Studio Solution File, Format Version 12.00
# Visual Studio 14
VisualStudioVersion = 14.0.23107.0
MinimumVisualStudioVersion = 10.0.40219.1
Project("{FAE04EC0-301F-11D3-BF4B-00C04F79EFBC}") = "ProtocolBuffers.WinRT.PCL", "ProtocolBuffers\ProtocolBuffers.WinRT.PCL.csproj", "{5636C607-A1D0-4890-A810-041320618795}"
EndProject
Project("{FAE04EC0-301F-11D3-BF4B-00C04F79EFBC}") = "ProtocolBuffers.Serialization.WinRT.PCL", "ProtocolBuffers.Serialization\ProtocolBuffers.Serialization.WinRT.PCL.csproj", "{B7924AAF-514E-40C0-A5A6-521E1D4A8ACA}"
EndProject
Global
	GlobalSection(SolutionConfigurationPlatforms) = preSolution
		Debug|Any CPU = Debug|Any CPU
		Debug|ARM = Debug|ARM
		Debug|x64 = Debug|x64
		Debug|x86 = Debug|x86
		Release|Any CPU = Release|Any CPU
		Release|ARM = Release|ARM
		Release|x64 = Release|x64
		Release|x86 = Release|x86
	EndGlobalSection
	GlobalSection(ProjectConfigurationPlatforms) = postSolution
		{5636C607-A1D0-4890-A810-041320618795}.Debug|Any CPU.ActiveCfg = Debug|Any CPU
		{5636C607-A1D0-4890-A810-041320618795}.Debug|Any CPU.Build.0 = Debug|Any CPU
		{5636C607-A1D0-4890-A810-041320618795}.Debug|ARM.ActiveCfg = Debug|Any CPU
		{5636C607-A1D0-4890-A810-041320618795}.Debug|ARM.Build.0 = Debug|Any CPU
		{5636C607-A1D0-4890-A810-041320618795}.Debug|x64.ActiveCfg = Debug|Any CPU
		{5636C607-A1D0-4890-A810-041320618795}.Debug|x64.Build.0 = Debug|Any CPU
		{5636C607-A1D0-4890-A810-041320618795}.Debug|x86.ActiveCfg = Debug|Any CPU
		{5636C607-A1D0-4890-A810-041320618795}.Debug|x86.Build.0 = Debug|Any CPU
		{5636C607-A1D0-4890-A810-041320618795}.Release|Any CPU.ActiveCfg = Release|Any CPU
		{5636C607-A1D0-4890-A810-041320618795}.Release|Any CPU.Build.0 = Release|Any CPU
		{5636C607-A1D0-4890-A810-041320618795}.Release|ARM.ActiveCfg = Release|Any CPU
		{5636C607-A1D0-4890-A810-041320618795}.Release|ARM.Build.0 = Release|Any CPU
		{5636C607-A1D0-4890-A810-041320618795}.Release|x64.ActiveCfg = Release|Any CPU
		{5636C607-A1D0-4890-A810-041320618795}.Release|x64.Build.0 = Release|Any CPU
		{5636C607-A1D0-4890-A810-041320618795}.Release|x86.ActiveCfg = Release|Any CPU
		{5636C607-A1D0-4890-A810-041320618795}.Release|x86.Build.0 = Release|Any CPU
		{B7924AAF-514E-40C0-A5A6-521E1D4A8ACA}.Debug|Any CPU.ActiveCfg = Debug|Any CPU
		{B7924AAF-514E-40C0-A5A6-521E1D4A8ACA}.Debug|Any CPU.Build.0 = Debug|Any CPU
		{B7924AAF-514E-40C0-A5A6-521E1D4A8ACA}.Debug|ARM.ActiveCfg = Debug|Any CPU
		{B7924AAF-514E-40C0-A5A6-521E1D4A8ACA}.Debug|ARM.Build.0 = Debug|Any CPU
		{B7924AAF-514E-40C0-A5A6-521E1D4A8ACA}.Debug|x64.ActiveCfg = Debug|Any CPU
		{B7924AAF-514E-40C0-A5A6-521E1D4A8ACA}.Debug|x64.Build.0 = Debug|Any CPU
		{B7924AAF-514E-40C0-A5A6-521E1D4A8ACA}.Debug|x86.ActiveCfg = Debug|Any CPU
		{B7924AAF-514E-40C0-A5A6-521E1D4A8ACA}.Debug|x86.Build.0 = Debug|Any CPU
		{B7924AAF-514E-40C0-A5A6-521E1D4A8ACA}.Release|Any CPU.ActiveCfg = Release|Any CPU
		{B7924AAF-514E-40C0-A5A6-521E1D4A8ACA}.Release|Any CPU.Build.0 = Release|Any CPU
		{B7924AAF-514E-40C0-A5A6-521E1D4A8ACA}.Release|ARM.ActiveCfg = Release|Any CPU
		{B7924AAF-514E-40C0-A5A6-521E1D4A8ACA}.Release|ARM.Build.0 = Release|Any CPU
		{B7924AAF-514E-40C0-A5A6-521E1D4A8ACA}.Release|x64.ActiveCfg = Release|Any CPU
		{B7924AAF-514E-40C0-A5A6-521E1D4A8ACA}.Release|x64.Build.0 = Release|Any CPU
		{B7924AAF-514E-40C0-A5A6-521E1D4A8ACA}.Release|x86.ActiveCfg = Release|Any CPU
		{B7924AAF-514E-40C0-A5A6-521E1D4A8ACA}.Release|x86.Build.0 = Release|Any CPU
	EndGlobalSection
	GlobalSection(SolutionProperties) = preSolution
		HideSolutionNode = FALSE
	EndGlobalSection
EndGlobal
